
Microsoft Visual Studio Solution File, Format Version 12.00
# Visual Studio Version 16
VisualStudioVersion = 16.0.29215.179
MinimumVisualStudioVersion = 10.0.40219.1
Project("{FAE04EC0-301F-11D3-BF4B-00C04F79EFBC}") = "Sheet4", "Sheet4\Sheet4.csproj", "{CA73A00C-0534-46BA-BF83-62E9BB93487E}"
EndProject
Global
	GlobalSection(SolutionConfigurationPlatforms) = preSolution
		Debug|Any CPU = Debug|Any CPU
		Release|Any CPU = Release|Any CPU
	EndGlobalSection
	GlobalSection(ProjectConfigurationPlatforms) = postSolution
		{CA73A00C-0534-46BA-BF83-62E9BB93487E}.Debug|Any CPU.ActiveCfg = Debug|Any CPU
		{CA73A00C-0534-46BA-BF83-62E9BB93487E}.Debug|Any CPU.Build.0 = Debug|Any CPU
		{CA73A00C-0534-46BA-BF83-62E9BB93487E}.Release|Any CPU.ActiveCfg = Release|Any CPU
		{CA73A00C-0534-46BA-BF83-62E9BB93487E}.Release|Any CPU.Build.0 = Release|Any CPU
	EndGlobalSection
	GlobalSection(SolutionProperties) = preSolution
		HideSolutionNode = FALSE
	EndGlobalSection
	GlobalSection(ExtensibilityGlobals) = postSolution
		SolutionGuid = {A914CF46-C471-4F1E-A39F-EACBFD019CCB}
	EndGlobalSection
EndGlobal
